dependencies:
- name: postgresql
  repository: https://kubernetes-charts.storage.googleapis.com/
  version: 3.9.4
- name: redis
  repository: https://kubernetes-charts.storage.googleapis.com/
  version: 5.4.0
digest: sha256:4ae22df3eeedc2abf6e5177f8c3f65807bbadb69e0a4baed377ed68b9640d6b1
generated: 2019-01-27T22:02:27.439465119+03:00
